{
  "nodes": {
    "flake-utils": {
      "locked": {
        "lastModified": 1656928814,
        "narHash": "sha256-RIFfgBuKz6Hp89yRr7+NR5tzIAbn52h8vT6vXkYjZoM=",
        "owner": "numtide",
        "repo": "flake-utils",
        "rev": "7e2a3b3dfd9af950a856d66b0a7d01e3c18aa249",
        "type": "github"
      },
      "original": {
        "owner": "numtide",
        "repo": "flake-utils",
        "type": "github"
      }
    },
    "flake-utils_2": {
      "locked": {
        "lastModified": 1656065134,
        "narHash": "sha256-oc6E6ByIw3oJaIyc67maaFcnjYOz1mMcOtHxbEf9NwQ=",
        "owner": "numtide",
        "repo": "flake-utils",
        "rev": "bee6a7250dd1b01844a2de7e02e4df7d8a0a206c",
        "type": "github"
      },
      "original": {
        "owner": "numtide",
        "repo": "flake-utils",
        "type": "github"
      }
    },
    "nix-livecode": {
      "inputs": {
        "flake-utils": "flake-utils_2",
        "nixpkgs": "nixpkgs"
      },
      "locked": {
        "lastModified": 1657017906,
        "narHash": "sha256-gykGGWBg1g4M/sGzLfcIPPBldkbOwqZBzKqnJKOUIbc=",
        "owner": "ardek66",
        "repo": "nix-livecode",
        "rev": "ba88d809fbaf08c74ae49e96824e29abc39fa512",
        "type": "github"
      },
      "original": {
        "owner": "ardek66",
        "repo": "nix-livecode",
        "type": "github"
      }
    },
    "nixpkgs": {
      "locked": {
        "lastModified": 1656370902,
        "narHash": "sha256-wSJNOh2ODfqHlfjGHjOWDHr3AERIN7bnjU5LYy+9Ob4=",
        "owner": "NixOS",
        "repo": "nixpkgs",
        "rev": "0c4852c7bc40747e734a84a0d234105a4d5c146f",
        "type": "github"
      },
      "original": {
        "id": "nixpkgs",
        "type": "indirect"
      }
    },
    "nixpkgs_2": {
      "locked": {
        "lastModified": 1659072678,
        "narHash": "sha256-tOAZdTFilNCASEkwS2wCtSQkfWle7JKb4fXgKgTbpRc=",
        "owner": "NixOS",
        "repo": "nixpkgs",
        "rev": "1a1bd86756ca15f8bafdce4499d6a88089bec3b6",
        "type": "github"
      },
      "original": {
        "id": "nixpkgs",
        "type": "indirect"
      }
    },
    "root": {
      "inputs": {
        "flake-utils": "flake-utils",
        "nix-livecode": "nix-livecode",
        "nixpkgs": "nixpkgs_2"
      }
    }
  },
  "root": "root",
  "version": 7
}
